<?xml version="1.0" encoding="utf-8"?>
<Project ToolsVersion="4.0" xmlns="http://schemas.microsoft.com/developer/msbuild/2003">
  <ItemGroup>
    <Filter Include="Source">
      <UniqueIdentifier>{e98a16f6-9a0c-4e12-9a37-9f7364f555d8}</UniqueIdentifier>
    </Filter>
    <Filter Include="Source\Core">
      <UniqueIdentifier>{6019a1b1-f056-4edf-964f-632a4e32e819}</UniqueIdentifier>
    </Filter>
    <Filter Include="Source\Core\Coroutine">
      <UniqueIdentifier>{54c0e1aa-c704-4e2d-8992-b7b4ae137bb5}</UniqueIdentifier>
    </Filter>
    <Filter Include="Source\Core\Event">
      <UniqueIdentifier>{4e77d66e-bb47-4f11-be9f-caa3582dce76}</UniqueIdentifier>
    </Filter>
    <Filter Include="Source\Core\Math">
      <UniqueIdentifier>{ad7e455a-d6a0-43cf-a375-cf2211569de0}</UniqueIdentifier>
    </Filter>
    <Filter Include="Source\Core\Misc">
      <UniqueIdentifier>{481ccf66-ad5c-48e0-89a1-41d90b847132}</UniqueIdentifier>
    </Filter>
    <Filter Include="Source\Engine">
      <UniqueIdentifier>{9efcd04b-a6bc-446c-a2e5-f742a2a9c514}</UniqueIdentifier>
    </Filter>
    <Filter Include="Source\Engine\GameFramework">
      <UniqueIdentifier>{e7e0b21b-cdce-45e0-8bca-f482b2cb8298}</UniqueIdentifier>
    </Filter>
    <Filter Include="Source\Engine\GameFramework\Component">
      <UniqueIdentifier>{4fdc7f53-703f-4d28-9989-63d5027c9c58}</UniqueIdentifier>
    </Filter>
    <Filter Include="Source\Engine\GameFramework\GameObject">
      <UniqueIdentifier>{f1f5c6db-2ec9-43b8-a5bd-d94404ced79e}</UniqueIdentifier>
    </Filter>
    <Filter Include="Source\Engine\GameFramework\GameObject\Character">
      <UniqueIdentifier>{16d3c749-e9e7-42ce-87c5-8ed6bbe9c8ce}</UniqueIdentifier>
    </Filter>
    <Filter Include="Source\Engine\GameFramework\GameObject\Controller">
      <UniqueIdentifier>{9fb111a2-2d86-48b8-b534-75aa0e963e96}</UniqueIdentifier>
    </Filter>
    <Filter Include="Source\Engine\GameFramework\World">
      <UniqueIdentifier>{71ec609a-03cb-4e01-95f4-a054123d8997}</UniqueIdentifier>
    </Filter>
    <Filter Include="Source\Engine\Input">
      <UniqueIdentifier>{558f8abc-71d3-4d64-9ecd-f0d003a2ce0e}</UniqueIdentifier>
    </Filter>
    <Filter Include="Source\Engine\Physics">
      <UniqueIdentifier>{1918ab9f-2884-4e43-8822-aa954cdf3731}</UniqueIdentifier>
    </Filter>
    <Filter Include="Source\Engine\Render">
      <UniqueIdentifier>{e305d4e4-3850-4866-b539-d3fc7a6e0fb1}</UniqueIdentifier>
    </Filter>
    <Filter Include="Source\PhysicsCore">
      <UniqueIdentifier>{7cbd95b9-d651-4ad3-b925-cfae09837702}</UniqueIdentifier>
    </Filter>
    <Filter Include="Source\PhysicsCore\Misc">
      <UniqueIdentifier>{642527e6-409d-4d3c-ae66-f70cdf71e0dd}</UniqueIdentifier>
    </Filter>
    <Filter Include="Source\RenderCore">
      <UniqueIdentifier>{3d7e3f4f-ee30-4a29-b594-9a34b20eccbd}</UniqueIdentifier>
    </Filter>
    <Filter Include="Source\RenderCore\Misc">
      <UniqueIdentifier>{f57362dc-870c-4cf4-887e-06fe3baa4611}</UniqueIdentifier>
    </Filter>
    <Filter Include="Content">
      <UniqueIdentifier>{36462288-7c9a-419b-8113-9e509cb64680}</UniqueIdentifier>
    </Filter>
    <Filter Include="Source\Engine\GameFramework\Scene">
      <UniqueIdentifier>{84ebe2aa-adf4-4ddf-9199-18c4863e6ec2}</UniqueIdentifier>
    </Filter>
  </ItemGroup>
  <ItemGroup>
    <Image Include="Assets\BackGround.bmp">
      <Filter>Content</Filter>
    </Image>
  </ItemGroup>
  <ItemGroup>
    <ClCompile Include="Engine\Source\Comborama.cpp">
      <Filter>Source</Filter>
    </ClCompile>
    <ClCompile Include="Engine\Source\Core\Coroutine\WaitSeconds.cpp">
      <Filter>Source\Core\Coroutine</Filter>
    </ClCompile>
    <ClCompile Include="Engine\Source\Engine\GameFramework\World\World.cpp">
      <Filter>Source\Engine\GameFramework\World</Filter>
    </ClCompile>
    <ClCompile Include="Engine\Source\Engine\GameFramework\World\WorldSubsystem.cpp">
      <Filter>Source\Engine\GameFramework\World</Filter>
    </ClCompile>
    <ClCompile Include="Engine\Source\Engine\GameFramework\GameObject\Actor.cpp">
      <Filter>Source\Engine\GameFramework\GameObject</Filter>
    </ClCompile>
    <ClCompile Include="Engine\Source\Engine\GameFramework\GameObject\GameObject.cpp">
      <Filter>Source\Engine\GameFramework\GameObject</Filter>
    </ClCompile>
    <ClCompile Include="Engine\Source\Engine\GameFramework\GameObject\Obstacle.cpp">
      <Filter>Source\Engine\GameFramework\GameObject</Filter>
    </ClCompile>
    <ClCompile Include="Engine\Source\Engine\GameFramework\GameObject\Projectile.cpp">
      <Filter>Source\Engine\GameFramework\GameObject</Filter>
    </ClCompile>
    <ClCompile Include="Engine\Source\Engine\GameFramework\GameObject\Character\Enemy.cpp">
      <Filter>Source\Engine\GameFramework\GameObject\Character</Filter>
    </ClCompile>
    <ClCompile Include="Engine\Source\Engine\GameFramework\GameObject\Character\PlayerCharacter.cpp">
      <Filter>Source\Engine\GameFramework\GameObject\Character</Filter>
    </ClCompile>
    <ClCompile Include="Engine\Source\Engine\GameFramework\GameObject\Character\Character.cpp">
      <Filter>Source\Engine\GameFramework\GameObject\Character</Filter>
    </ClCompile>
    <ClCompile Include="Engine\Source\Engine\GameFramework\GameObject\Controller\AIController.cpp">
      <Filter>Source\Engine\GameFramework\GameObject\Controller</Filter>
    </ClCompile>
    <ClCompile Include="Engine\Source\Engine\GameFramework\GameObject\Controller\Controller.cpp">
      <Filter>Source\Engine\GameFramework\GameObject\Controller</Filter>
    </ClCompile>
    <ClCompile Include="Engine\Source\Engine\GameFramework\GameObject\Controller\PlayerController.cpp">
      <Filter>Source\Engine\GameFramework\GameObject\Controller</Filter>
    </ClCompile>
    <ClCompile Include="Engine\Source\Engine\GameFramework\Component\PrimitiveComponent.cpp">
      <Filter>Source\Engine\GameFramework\Component</Filter>
    </ClCompile>
    <ClCompile Include="Engine\Source\Engine\GameFramework\Component\SceneComponent.cpp">
      <Filter>Source\Engine\GameFramework\Component</Filter>
    </ClCompile>
    <ClCompile Include="Engine\Source\Engine\GameFramework\Component\ActorComponent.cpp">
      <Filter>Source\Engine\GameFramework\Component</Filter>
    </ClCompile>
    <ClCompile Include="Engine\Source\Engine\GameFramework\Component\CameraComponent.cpp">
      <Filter>Source\Engine\GameFramework\Component</Filter>
    </ClCompile>
    <ClCompile Include="Engine\Source\Engine\Input\InputSystem.cpp">
      <Filter>Source\Engine\Input</Filter>
    </ClCompile>
    <ClCompile Include="Engine\Source\Engine\Physics\Collider.cpp">
      <Filter>Source\Engine\Physics</Filter>
    </ClCompile>
    <ClCompile Include="Engine\Source\Engine\Physics\CollisionSystem.cpp">
      <Filter>Source\Engine\Physics</Filter>
    </ClCompile>
    <ClCompile Include="Engine\Source\Engine\Render\RenderSubsystem.cpp">
      <Filter>Source\Engine\Render</Filter>
    </ClCompile>
    <ClCompile Include="Engine\Source\Engine\Game.cpp">
      <Filter>Source\Engine</Filter>
    </ClCompile>
    <ClCompile Include="Engine\Source\RenderCore\CoordinateTransformer.cpp">
      <Filter>Source\RenderCore</Filter>
    </ClCompile>
    <ClCompile Include="Engine\Source\RenderCore\Misc\DrawDebugHelpers.cpp">
      <Filter>Source\RenderCore\Misc</Filter>
    </ClCompile>
    <ClCompile Include="Engine\Source\Engine\GameFramework\Scene\PhysicsScene.cpp">
      <Filter>Source\Engine\GameFramework\Scene</Filter>
    </ClCompile>
    <ClCompile Include="Engine\Source\Engine\GameFramework\World\AISubsystem.cpp">
      <Filter>Source\Engine\GameFramework\World</Filter>
    </ClCompile>
    <ClCompile Include="Engine\Source\Engine\GameFramework\World\CollisionSubsystem.cpp">
      <Filter>Source\Engine\GameFramework\World</Filter>
    </ClCompile>
  </ItemGroup>
  <ItemGroup>
    <ClInclude Include="Engine\Source\Core\CoreMinimal.h">
      <Filter>Source\Core</Filter>
    </ClInclude>
    <ClInclude Include="Engine\Source\Core\Coroutine\Coroutine.h">
      <Filter>Source\Core\Coroutine</Filter>
    </ClInclude>
    <ClInclude Include="Engine\Source\Core\Coroutine\WaitSeconds.h">
      <Filter>Source\Core\Coroutine</Filter>
    </ClInclude>
    <ClInclude Include="Engine\Source\Core\Event\Delegate.h">
      <Filter>Source\Core\Event</Filter>
    </ClInclude>
    <ClInclude Include="Engine\Source\Core\Math\Transform.h">
      <Filter>Source\Core\Math</Filter>
    </ClInclude>
    <ClInclude Include="Engine\Source\Core\Math\Vector2.h">
      <Filter>Source\Core\Math</Filter>
    </ClInclude>
    <ClInclude Include="Engine\Source\Core\Math\ComboramaMath.h">
      <Filter>Source\Core\Math</Filter>
    </ClInclude>
    <ClInclude Include="Engine\Source\Core\Math\Matrix.h">
      <Filter>Source\Core\Math</Filter>
    </ClInclude>
    <ClInclude Include="Engine\Source\Core\Misc\CombaramaStructs.h">
      <Filter>Source\Core\Misc</Filter>
    </ClInclude>
    <ClInclude Include="Engine\Source\Core\Misc\ComboramaRandom.h">
      <Filter>Source\Core\Misc</Filter>
    </ClInclude>
    <ClInclude Include="Engine\Source\Core\Misc\CombaramaConstants.h">
      <Filter>Source\Core\Misc</Filter>
    </ClInclude>
    <ClInclude Include="Engine\Source\Engine\GameFramework\World\World.h">
      <Filter>Source\Engine\GameFramework\World</Filter>
    </ClInclude>
    <ClInclude Include="Engine\Source\Engine\GameFramework\World\WorldSubsystem.h">
      <Filter>Source\Engine\GameFramework\World</Filter>
    </ClInclude>
    <ClInclude Include="Engine\Source\Engine\GameFramework\GameObject\Actor.h">
      <Filter>Source\Engine\GameFramework\GameObject</Filter>
    </ClInclude>
    <ClInclude Include="Engine\Source\Engine\GameFramework\GameObject\GameObject.h">
      <Filter>Source\Engine\GameFramework\GameObject</Filter>
    </ClInclude>
    <ClInclude Include="Engine\Source\Engine\GameFramework\GameObject\Obstacle.h">
      <Filter>Source\Engine\GameFramework\GameObject</Filter>
    </ClInclude>
    <ClInclude Include="Engine\Source\Engine\GameFramework\GameObject\Projectile.h">
      <Filter>Source\Engine\GameFramework\GameObject</Filter>
    </ClInclude>
    <ClInclude Include="Engine\Source\Engine\GameFramework\GameObject\Character\Enemy.h">
      <Filter>Source\Engine\GameFramework\GameObject\Character</Filter>
    </ClInclude>
    <ClInclude Include="Engine\Source\Engine\GameFramework\GameObject\Character\PlayerCharacter.h">
      <Filter>Source\Engine\GameFramework\GameObject\Character</Filter>
    </ClInclude>
    <ClInclude Include="Engine\Source\Engine\GameFramework\GameObject\Character\Character.h">
      <Filter>Source\Engine\GameFramework\GameObject\Character</Filter>
    </ClInclude>
    <ClInclude Include="Engine\Source\Engine\GameFramework\GameObject\Controller\AIController.h">
      <Filter>Source\Engine\GameFramework\GameObject\Controller</Filter>
    </ClInclude>
    <ClInclude Include="Engine\Source\Engine\GameFramework\GameObject\Controller\Controller.h">
      <Filter>Source\Engine\GameFramework\GameObject\Controller</Filter>
    </ClInclude>
    <ClInclude Include="Engine\Source\Engine\GameFramework\GameObject\Controller\PlayerController.h">
      <Filter>Source\Engine\GameFramework\GameObject\Controller</Filter>
    </ClInclude>
    <ClInclude Include="Engine\Source\Engine\GameFramework\Component\CameraComponent.h">
      <Filter>Source\Engine\GameFramework\Component</Filter>
    </ClInclude>
    <ClInclude Include="Engine\Source\Engine\GameFramework\Component\PrimitiveComponent.h">
      <Filter>Source\Engine\GameFramework\Component</Filter>
    </ClInclude>
    <ClInclude Include="Engine\Source\Engine\GameFramework\Component\SceneComponent.h">
      <Filter>Source\Engine\GameFramework\Component</Filter>
    </ClInclude>
    <ClInclude Include="Engine\Source\Engine\GameFramework\Component\ActorComponent.h">
      <Filter>Source\Engine\GameFramework\Component</Filter>
    </ClInclude>
    <ClInclude Include="Engine\Source\Engine\Input\InputAction.h">
      <Filter>Source\Engine\Input</Filter>
    </ClInclude>
    <ClInclude Include="Engine\Source\Engine\Input\InputActionContext.h">
      <Filter>Source\Engine\Input</Filter>
    </ClInclude>
    <ClInclude Include="Engine\Source\Engine\Input\InputActionValue.h">
      <Filter>Source\Engine\Input</Filter>
    </ClInclude>
    <ClInclude Include="Engine\Source\Engine\Input\InputComponent.h">
      <Filter>Source\Engine\Input</Filter>
    </ClInclude>
    <ClInclude Include="Engine\Source\Engine\Input\InputSystem.h">
      <Filter>Source\Engine\Input</Filter>
    </ClInclude>
    <ClInclude Include="Engine\Source\Engine\Physics\Collider.h">
      <Filter>Source\Engine\Physics</Filter>
    </ClInclude>
    <ClInclude Include="Engine\Source\Engine\Physics\CollisionSystem.h">
      <Filter>Source\Engine\Physics</Filter>
    </ClInclude>
    <ClInclude Include="Engine\Source\Engine\Render\RenderSubsystem.h">
      <Filter>Source\Engine\Render</Filter>
    </ClInclude>
    <ClInclude Include="Engine\Source\Engine\EngineSubsystem.h">
      <Filter>Source\Engine</Filter>
    </ClInclude>
    <ClInclude Include="Engine\Source\Engine\Game.h">
      <Filter>Source\Engine</Filter>
    </ClInclude>
    <ClInclude Include="Engine\Source\PhysicsCore\Misc\CollisionHelper.h">
      <Filter>Source\PhysicsCore\Misc</Filter>
    </ClInclude>
    <ClInclude Include="Engine\Source\RenderCore\CoordinateTransformer.h">
      <Filter>Source\RenderCore</Filter>
    </ClInclude>
    <ClInclude Include="Engine\Source\RenderCore\Drawable.h">
      <Filter>Source\RenderCore</Filter>
    </ClInclude>
    <ClInclude Include="Engine\Source\RenderCore\Misc\PrimitiveFactory.h">
      <Filter>Source\RenderCore\Misc</Filter>
    </ClInclude>
    <ClInclude Include="Engine\Source\RenderCore\Misc\ColorHelper.h">
      <Filter>Source\RenderCore\Misc</Filter>
    </ClInclude>
    <ClInclude Include="Engine\Source\RenderCore\Misc\DrawDebugHelpers.h">
      <Filter>Source\RenderCore\Misc</Filter>
    </ClInclude>
    <ClInclude Include="Engine\Source\Core\Math\Vector3.h">
      <Filter>Source\Core\Math</Filter>
    </ClInclude>
    <ClInclude Include="Engine\Source\PhysicsCore\BodyInstance.h">
      <Filter>Source\PhysicsCore</Filter>
    </ClInclude>
    <ClInclude Include="Engine\Source\PhysicsCore\CollisionShape.h">
      <Filter>Source\PhysicsCore</Filter>
    </ClInclude>
    <ClInclude Include="Engine\Source\Engine\GameFramework\Scene\PhysicsScene.h">
      <Filter>Source\Engine\GameFramework\Scene</Filter>
    </ClInclude>
    <ClInclude Include="Engine\Source\Engine\GameFramework\Scene\RenderScene.h">
      <Filter>Source\Engine\GameFramework\Scene</Filter>
    </ClInclude>
    <ClInclude Include="Engine\Source\Engine\GameFramework\Scene\Scene.h">
      <Filter>Source\Engine\GameFramework\Scene</Filter>
    </ClInclude>
    <ClInclude Include="Engine\Source\Engine\GameFramework\World\AISubsystem.h">
      <Filter>Source\Engine\GameFramework\World</Filter>
    </ClInclude>
    <ClInclude Include="Engine\Source\Engine\GameFramework\World\CollisionSubsystem.h">
      <Filter>Source\Engine\GameFramework\World</Filter>
    </ClInclude>
    <ClInclude Include="Engine\Source\PhysicsCore\CollisionResult.h">
      <Filter>Source\PhysicsCore</Filter>
    </ClInclude>
  </ItemGroup>
</Project>