<?xml version="1.0" encoding="utf-8"?>
<Project ToolsVersion="4.0" xmlns="http://schemas.microsoft.com/developer/msbuild/2003">
  <ItemGroup>
    <Filter Include="Source">
      <UniqueIdentifier>{b2510f81-a5fa-4b87-8d6c-8fa78a0d3ad3}</UniqueIdentifier>
    </Filter>
    <Filter Include="Assets">
      <UniqueIdentifier>{36462288-7c9a-419b-8113-9e509cb64680}</UniqueIdentifier>
    </Filter>
    <Filter Include="Source\Input">
      <UniqueIdentifier>{714c0c4c-f659-4d87-a351-1d011f7f228d}</UniqueIdentifier>
    </Filter>
    <Filter Include="Source\Utility">
      <UniqueIdentifier>{c4943f1e-4a27-4789-923c-2e56ae9626a3}</UniqueIdentifier>
    </Filter>
    <Filter Include="Source\Entity">
      <UniqueIdentifier>{403113df-b44a-495f-a411-4a83a28b25f6}</UniqueIdentifier>
    </Filter>
    <Filter Include="Source\Math">
      <UniqueIdentifier>{ee4f634a-9924-4174-8e9e-95b7cf8cebb3}</UniqueIdentifier>
    </Filter>
    <Filter Include="Source\System">
      <UniqueIdentifier>{2e025957-2763-40fa-b5c3-3cc1a6ea6184}</UniqueIdentifier>
    </Filter>
    <Filter Include="Source\System\GameSubsystem">
      <UniqueIdentifier>{094bc4dc-3f1a-42bb-8059-77d73d7f5634}</UniqueIdentifier>
    </Filter>
    <Filter Include="Source\System\WorldSubsystem">
      <UniqueIdentifier>{ea2c99b6-42d6-4f2b-a791-832f17da8acd}</UniqueIdentifier>
    </Filter>
    <Filter Include="Source\World">
      <UniqueIdentifier>{0a860b4a-a36f-476d-9e2c-0bf2a50f56da}</UniqueIdentifier>
    </Filter>
    <Filter Include="Source\Collision">
      <UniqueIdentifier>{58ff6b6c-5d10-4ffb-a570-e8333b489f83}</UniqueIdentifier>
    </Filter>
    <Filter Include="Source\Event">
      <UniqueIdentifier>{b2846484-4436-4ea9-8636-9283817a89e6}</UniqueIdentifier>
    </Filter>
    <Filter Include="Source\Coroutine">
      <UniqueIdentifier>{8cdfbaf9-8054-4574-a775-f74b95bc32ae}</UniqueIdentifier>
    </Filter>
    <Filter Include="Source\Coroutine\Awaitable">
      <UniqueIdentifier>{daa5cb48-76cf-4d23-89f2-4c0e15f4e945}</UniqueIdentifier>
    </Filter>
    <Filter Include="Source\Entity\Controller">
      <UniqueIdentifier>{1287586b-3c59-49a9-8dbd-3bac2be185ef}</UniqueIdentifier>
    </Filter>
    <Filter Include="Source\Entity\Character">
      <UniqueIdentifier>{add881c9-d7ed-4e5f-a87a-c68441de60ab}</UniqueIdentifier>
    </Filter>
    <Filter Include="Source\Component">
      <UniqueIdentifier>{4fc44e8d-ed0a-48a6-a14c-379f0ebf780f}</UniqueIdentifier>
    </Filter>
    <Filter Include="Source\PrimitiveFactory">
      <UniqueIdentifier>{e83feb9b-982d-4a14-a5ed-ce9ba0addea1}</UniqueIdentifier>
    </Filter>
  </ItemGroup>
  <ItemGroup>
    <ClCompile Include="Source\Game.cpp">
      <Filter>Source</Filter>
    </ClCompile>
    <ClCompile Include="Source\Entity\Actor.cpp">
      <Filter>Source\Entity</Filter>
    </ClCompile>
    <ClCompile Include="Source\Comborama.cpp">
      <Filter>Source</Filter>
    </ClCompile>
    <ClCompile Include="Source\Entity\Weapon.cpp">
      <Filter>Source\Entity</Filter>
    </ClCompile>
    <ClCompile Include="Source\System\InputSystem.cpp">
      <Filter>Source\System</Filter>
    </ClCompile>
    <ClCompile Include="Source\System\RenderSystem.cpp">
      <Filter>Source\System</Filter>
    </ClCompile>
    <ClCompile Include="Source\System\WorldSubsystem\WorldSubsystem.cpp">
      <Filter>Source\System\WorldSubsystem</Filter>
    </ClCompile>
    <ClCompile Include="Source\System\WorldSubsystem\AISystem.cpp">
      <Filter>Source\System\WorldSubsystem</Filter>
    </ClCompile>
    <ClCompile Include="Source\System\GameSubsystem\GameSubsystem.cpp">
      <Filter>Source\System\GameSubsystem</Filter>
    </ClCompile>
    <ClCompile Include="Source\World\World.cpp">
      <Filter>Source\World</Filter>
    </ClCompile>
    <ClCompile Include="Source\Collision\Collider.cpp">
      <Filter>Source\Collision</Filter>
    </ClCompile>
    <ClCompile Include="Source\System\CollisionSystem.cpp">
      <Filter>Source\System</Filter>
    </ClCompile>
    <ClCompile Include="Source\Entity\Obstacle.cpp">
      <Filter>Source\Entity</Filter>
    </ClCompile>
    <ClCompile Include="Source\Utility\DrawDebugHelpers.cpp">
      <Filter>Source\Utility</Filter>
    </ClCompile>
    <ClCompile Include="Source\Entity\Projectile.cpp">
      <Filter>Source\Entity</Filter>
    </ClCompile>
    <ClCompile Include="Source\Coroutine\Awaitable\WaitSeconds.cpp">
      <Filter>Source\Coroutine\Awaitable</Filter>
    </ClCompile>
    <ClCompile Include="Source\Entity\GameObject.cpp">
      <Filter>Source\Entity</Filter>
    </ClCompile>
    <ClCompile Include="Source\Entity\Controller\AIController.cpp">
      <Filter>Source\Entity\Controller</Filter>
    </ClCompile>
    <ClCompile Include="Source\Entity\Controller\Controller.cpp">
      <Filter>Source\Entity\Controller</Filter>
    </ClCompile>
    <ClCompile Include="Source\Entity\Controller\PlayerController.cpp">
      <Filter>Source\Entity\Controller</Filter>
    </ClCompile>
    <ClCompile Include="Source\Entity\Character\Character.cpp">
      <Filter>Source\Entity\Character</Filter>
    </ClCompile>
    <ClCompile Include="Source\Entity\Character\Enemy.cpp">
      <Filter>Source\Entity\Character</Filter>
    </ClCompile>
    <ClCompile Include="Source\Entity\Character\PlayerCharacter.cpp">
      <Filter>Source\Entity\Character</Filter>
    </ClCompile>
    <ClCompile Include="Source\Component\ActorComponent.cpp">
      <Filter>Source\Component</Filter>
    </ClCompile>
    <ClCompile Include="Source\Component\SceneComponent.cpp">
      <Filter>Source\Component</Filter>
    </ClCompile>
    <ClCompile Include="Source\Component\PrimitiveComponent.cpp">
      <Filter>Source\Component</Filter>
    </ClCompile>
    <ClCompile Include="Source\PrimitiveFactory\Sword.cpp">
      <Filter>Source\PrimitiveFactory</Filter>
    </ClCompile>
    <ClCompile Include="Source\PrimitiveFactory\Avatar.cpp">
      <Filter>Source\PrimitiveFactory</Filter>
    </ClCompile>
    <ClCompile Include="Source\Component\WeaponComponent.cpp" />
  </ItemGroup>
  <ItemGroup>
    <ClInclude Include="Source\Game.h">
      <Filter>Source</Filter>
    </ClInclude>
    <ClInclude Include="Source\Input\InputComponent.h">
      <Filter>Source\Input</Filter>
    </ClInclude>
    <ClInclude Include="Source\Input\InputAction.h">
      <Filter>Source\Input</Filter>
    </ClInclude>
    <ClInclude Include="Source\Input\InputActionContext.h">
      <Filter>Source\Input</Filter>
    </ClInclude>
    <ClInclude Include="Source\Input\InputActionValue.h">
      <Filter>Source\Input</Filter>
    </ClInclude>
    <ClInclude Include="Source\Utility\CombaramaStructs.h">
      <Filter>Source\Utility</Filter>
    </ClInclude>
    <ClInclude Include="Source\Utility\ColorHelper.h">
      <Filter>Source\Utility</Filter>
    </ClInclude>
    <ClInclude Include="Source\Math\Vector2.h">
      <Filter>Source\Math</Filter>
    </ClInclude>
    <ClInclude Include="Source\Entity\Actor.h">
      <Filter>Source\Entity</Filter>
    </ClInclude>
    <ClInclude Include="Source\Math\ComboramaMath.h">
      <Filter>Source\Math</Filter>
    </ClInclude>
    <ClInclude Include="Source\Math\Transform.h">
      <Filter>Source\Math</Filter>
    </ClInclude>
    <ClInclude Include="Source\Entity\Weapon.h">
      <Filter>Source\Entity</Filter>
    </ClInclude>
    <ClInclude Include="Source\System\RenderSystem.h">
      <Filter>Source\System</Filter>
    </ClInclude>
    <ClInclude Include="Source\System\InputSystem.h">
      <Filter>Source\System</Filter>
    </ClInclude>
    <ClInclude Include="Source\System\WorldSubsystem\WorldSubsystem.h">
      <Filter>Source\System\WorldSubsystem</Filter>
    </ClInclude>
    <ClInclude Include="Source\System\WorldSubsystem\AISystem.h">
      <Filter>Source\System\WorldSubsystem</Filter>
    </ClInclude>
    <ClInclude Include="Source\System\GameSubsystem\GameSubsystem.h">
      <Filter>Source\System\GameSubsystem</Filter>
    </ClInclude>
    <ClInclude Include="Source\World\World.h">
      <Filter>Source\World</Filter>
    </ClInclude>
    <ClInclude Include="Source\Collision\Collider.h">
      <Filter>Source\Collision</Filter>
    </ClInclude>
    <ClInclude Include="Source\System\CollisionSystem.h">
      <Filter>Source\System</Filter>
    </ClInclude>
    <ClInclude Include="Source\Math\Matrix.h">
      <Filter>Source\Math</Filter>
    </ClInclude>
    <ClInclude Include="Source\Utility\CollisionHelper.h">
      <Filter>Source\Utility</Filter>
    </ClInclude>
    <ClInclude Include="Source\Entity\Obstacle.h">
      <Filter>Source\Entity</Filter>
    </ClInclude>
    <ClInclude Include="Source\Utility\DrawDebugHelpers.h">
      <Filter>Source\Utility</Filter>
    </ClInclude>
    <ClInclude Include="Source\Utility\ComboramaTime.h">
      <Filter>Source\Utility</Filter>
    </ClInclude>
    <ClInclude Include="Source\Entity\Projectile.h">
      <Filter>Source\Entity</Filter>
    </ClInclude>
    <ClInclude Include="Source\Event\Delegate.h">
      <Filter>Source\Event</Filter>
    </ClInclude>
    <ClInclude Include="Source\Coroutine\Awaitable\WaitSeconds.h">
      <Filter>Source\Coroutine\Awaitable</Filter>
    </ClInclude>
    <ClInclude Include="Source\Coroutine\Coroutine.h">
      <Filter>Source\Coroutine</Filter>
    </ClInclude>
    <ClInclude Include="Source\Entity\GameObject.h">
      <Filter>Source\Entity</Filter>
    </ClInclude>
    <ClInclude Include="Source\Entity\Controller\AIController.h">
      <Filter>Source\Entity\Controller</Filter>
    </ClInclude>
    <ClInclude Include="Source\Entity\Controller\Controller.h">
      <Filter>Source\Entity\Controller</Filter>
    </ClInclude>
    <ClInclude Include="Source\Entity\Controller\PlayerController.h">
      <Filter>Source\Entity\Controller</Filter>
    </ClInclude>
    <ClInclude Include="Source\Entity\Character\Character.h">
      <Filter>Source\Entity\Character</Filter>
    </ClInclude>
    <ClInclude Include="Source\Entity\Character\Enemy.h">
      <Filter>Source\Entity\Character</Filter>
    </ClInclude>
    <ClInclude Include="Source\Entity\Character\PlayerCharacter.h">
      <Filter>Source\Entity\Character</Filter>
    </ClInclude>
    <ClInclude Include="Source\Component\ActorComponent.h">
      <Filter>Source\Component</Filter>
    </ClInclude>
    <ClInclude Include="Source\Component\SceneComponent.h">
      <Filter>Source\Component</Filter>
    </ClInclude>
    <ClInclude Include="Source\Component\PrimitiveComponent.h">
      <Filter>Source\Component</Filter>
    </ClInclude>
    <ClInclude Include="Source\PrimitiveFactory\Sword.h">
      <Filter>Source\PrimitiveFactory</Filter>
    </ClInclude>
    <ClInclude Include="Source\PrimitiveFactory\PrimitiveHelpers.h">
      <Filter>Source\PrimitiveFactory</Filter>
    </ClInclude>
    <ClInclude Include="Source\PrimitiveFactory\Avatar.h">
      <Filter>Source\PrimitiveFactory</Filter>
    </ClInclude>
    <ClInclude Include="Source\Component\WeaponComponent.h">
      <Filter>Source\Component</Filter>
    </ClInclude>
  </ItemGroup>
  <ItemGroup>
    <Image Include="Assets\BackGround.bmp">
      <Filter>Assets</Filter>
    </Image>
  </ItemGroup>
</Project>