<?xml version="1.0" encoding="utf-8"?>
<Project ToolsVersion="4.0" xmlns="http://schemas.microsoft.com/developer/msbuild/2003">
  <ItemGroup>
    <Filter Include="Source">
      <UniqueIdentifier>{b2510f81-a5fa-4b87-8d6c-8fa78a0d3ad3}</UniqueIdentifier>
    </Filter>
    <Filter Include="Assets">
      <UniqueIdentifier>{36462288-7c9a-419b-8113-9e509cb64680}</UniqueIdentifier>
    </Filter>
    <Filter Include="Source\Input">
      <UniqueIdentifier>{714c0c4c-f659-4d87-a351-1d011f7f228d}</UniqueIdentifier>
    </Filter>
    <Filter Include="Source\Utility">
      <UniqueIdentifier>{c4943f1e-4a27-4789-923c-2e56ae9626a3}</UniqueIdentifier>
    </Filter>
    <Filter Include="Source\Render">
      <UniqueIdentifier>{9c950d23-d930-475c-8257-913f0c57b100}</UniqueIdentifier>
    </Filter>
    <Filter Include="Source\Entity">
      <UniqueIdentifier>{403113df-b44a-495f-a411-4a83a28b25f6}</UniqueIdentifier>
    </Filter>
    <Filter Include="Source\Controller">
      <UniqueIdentifier>{17707568-380d-4804-9548-a8f4b7a9fa91}</UniqueIdentifier>
    </Filter>
    <Filter Include="Source\Math">
      <UniqueIdentifier>{ee4f634a-9924-4174-8e9e-95b7cf8cebb3}</UniqueIdentifier>
    </Filter>
    <Filter Include="Source\Subsystem">
      <UniqueIdentifier>{823f1337-b38d-4a66-a60f-6eae43e37308}</UniqueIdentifier>
    </Filter>
  </ItemGroup>
  <ItemGroup>
    <ClCompile Include="Source\Game.cpp">
      <Filter>Source</Filter>
    </ClCompile>
    <ClCompile Include="Source\Render\Avatar.cpp">
      <Filter>Source\Render</Filter>
    </ClCompile>
    <ClCompile Include="Source\Entity\Enemy.cpp">
      <Filter>Source\Entity</Filter>
    </ClCompile>
    <ClCompile Include="Source\Entity\PlayerCharacter.cpp">
      <Filter>Source\Entity</Filter>
    </ClCompile>
    <ClCompile Include="Source\Entity\Actor.cpp">
      <Filter>Source\Entity</Filter>
    </ClCompile>
    <ClCompile Include="Source\Entity\Character.cpp">
      <Filter>Source\Entity</Filter>
    </ClCompile>
    <ClCompile Include="Source\Controller\PlayerController.cpp">
      <Filter>Source\Controller</Filter>
    </ClCompile>
    <ClCompile Include="Source\Controller\Controller.cpp">
      <Filter>Source\Controller</Filter>
    </ClCompile>
    <ClCompile Include="Source\Comborama.cpp">
      <Filter>Source</Filter>
    </ClCompile>
    <ClCompile Include="Source\Controller\AIController.cpp">
      <Filter>Source\Controller</Filter>
    </ClCompile>
    <ClCompile Include="Source\Subsystem\InputSystem.cpp">
      <Filter>Source\Subsystem</Filter>
    </ClCompile>
    <ClCompile Include="Source\Subsystem\AISystem.cpp">
      <Filter>Source\Subsystem</Filter>
    </ClCompile>
    <ClCompile Include="Source\Subsystem\RenderSystem.cpp">
      <Filter>Source\Subsystem</Filter>
    </ClCompile>
    <ClCompile Include="Source\Subsystem\Subsystem.cpp">
      <Filter>Source\Subsystem</Filter>
    </ClCompile>
    <ClCompile Include="Source\Render\RenderComponent.cpp">
      <Filter>Source\Render</Filter>
    </ClCompile>
    <ClCompile Include="Source\Render\Sword.cpp">
      <Filter>Source\Render</Filter>
    </ClCompile>
  </ItemGroup>
  <ItemGroup>
    <ClInclude Include="Source\Game.h">
      <Filter>Source</Filter>
    </ClInclude>
    <ClInclude Include="Source\Input\InputComponent.h">
      <Filter>Source\Input</Filter>
    </ClInclude>
    <ClInclude Include="Source\Input\InputAction.h">
      <Filter>Source\Input</Filter>
    </ClInclude>
    <ClInclude Include="Source\Input\InputActionContext.h">
      <Filter>Source\Input</Filter>
    </ClInclude>
    <ClInclude Include="Source\Input\InputActionValue.h">
      <Filter>Source\Input</Filter>
    </ClInclude>
    <ClInclude Include="Source\Utility\CombaramaStructs.h">
      <Filter>Source\Utility</Filter>
    </ClInclude>
    <ClInclude Include="Source\Utility\PrimitiveHelpers.h">
      <Filter>Source\Utility</Filter>
    </ClInclude>
    <ClInclude Include="Source\Utility\ColorHelper.h">
      <Filter>Source\Utility</Filter>
    </ClInclude>
    <ClInclude Include="Source\Render\Avatar.h">
      <Filter>Source\Render</Filter>
    </ClInclude>
    <ClInclude Include="Source\Math\Vector2.h">
      <Filter>Source\Math</Filter>
    </ClInclude>
    <ClInclude Include="Source\Entity\Character.h">
      <Filter>Source\Entity</Filter>
    </ClInclude>
    <ClInclude Include="Source\Entity\Enemy.h">
      <Filter>Source\Entity</Filter>
    </ClInclude>
    <ClInclude Include="Source\Entity\PlayerCharacter.h">
      <Filter>Source\Entity</Filter>
    </ClInclude>
    <ClInclude Include="Source\Entity\Actor.h">
      <Filter>Source\Entity</Filter>
    </ClInclude>
    <ClInclude Include="Source\Controller\PlayerController.h">
      <Filter>Source\Controller</Filter>
    </ClInclude>
    <ClInclude Include="Source\Controller\Controller.h">
      <Filter>Source\Controller</Filter>
    </ClInclude>
    <ClInclude Include="Source\Controller\AIController.h">
      <Filter>Source\Controller</Filter>
    </ClInclude>
    <ClInclude Include="Source\Subsystem\InputSystem.h">
      <Filter>Source\Subsystem</Filter>
    </ClInclude>
    <ClInclude Include="Source\Subsystem\RenderSystem.h">
      <Filter>Source\Subsystem</Filter>
    </ClInclude>
    <ClInclude Include="Source\Subsystem\AISystem.h">
      <Filter>Source\Subsystem</Filter>
    </ClInclude>
    <ClInclude Include="Source\Render\RenderComponent.h">
      <Filter>Source\Render</Filter>
    </ClInclude>
    <ClInclude Include="Source\Utility\MathConstants.h">
      <Filter>Source\Utility</Filter>
    </ClInclude>
    <ClInclude Include="Source\Subsystem\Subsystem.h">
      <Filter>Source\Subsystem</Filter>
    </ClInclude>
    <ClInclude Include="Source\Render\Sword.h">
      <Filter>Source\Render</Filter>
    </ClInclude>
    <ClInclude Include="Source\Math\ComboramaMath.h">
      <Filter>Source\Math</Filter>
    </ClInclude>
  </ItemGroup>
  <ItemGroup>
    <Image Include="Assets\BackGround.bmp">
      <Filter>Assets</Filter>
    </Image>
  </ItemGroup>
</Project>